
Microsoft Visual Studio Solution File, Format Version 12.00
# Visual Studio 15
VisualStudioVersion = 15.0.28307.960
MinimumVisualStudioVersion = 10.0.40219.1
Project("{FAE04EC0-301F-11D3-BF4B-00C04F79EFBC}") = "Modular.calculator", "Modular.calculator\Modular.calculator.csproj", "{670E3A72-57B8-490C-B7D2-592DA08B1202}"
EndProject
Global
	GlobalSection(SolutionConfigurationPlatforms) = preSolution
		Debug|Any CPU = Debug|Any CPU
		Release|Any CPU = Release|Any CPU
	EndGlobalSection
	GlobalSection(ProjectConfigurationPlatforms) = postSolution
		{670E3A72-57B8-490C-B7D2-592DA08B1202}.Debug|Any CPU.ActiveCfg = Debug|Any CPU
		{670E3A72-57B8-490C-B7D2-592DA08B1202}.Debug|Any CPU.Build.0 = Debug|Any CPU
		{670E3A72-57B8-490C-B7D2-592DA08B1202}.Release|Any CPU.ActiveCfg = Release|Any CPU
		{670E3A72-57B8-490C-B7D2-592DA08B1202}.Release|Any CPU.Build.0 = Release|Any CPU
	EndGlobalSection
	GlobalSection(SolutionProperties) = preSolution
		HideSolutionNode = FALSE
	EndGlobalSection
	GlobalSection(ExtensibilityGlobals) = postSolution
		SolutionGuid = {E276DB13-C2AC-40B1-A55F-35290E1BC545}
	EndGlobalSection
EndGlobal
